# Generated by conda-lock.
# platform: linux-64
# input_hash: 4578e4f18636f7f7b118f9b85041b8aadc7ed3bd667e4cc8d70fd010c7a46ef3
@EXPLICIT
https://conda.anaconda.org/conda-forge/linux-64/_libgcc_mutex-0.1-conda_forge.tar.bz2#d7c89558ba9fa0495403155b64376d81
https://conda.anaconda.org/conda-forge/linux-64/ca-certificates-2022.9.24-ha878542_0.tar.bz2#41e4e87062433e283696cf384f952ef6
https://conda.anaconda.org/conda-forge/linux-64/ld_impl_linux-64-2.36.1-hea4e1c9_2.tar.bz2#bd4f2e711b39af170e7ff15163fe87ee
https://conda.anaconda.org/conda-forge/linux-64/libgfortran5-12.1.0-hdcd56e2_16.tar.bz2#b02605b875559ff99f04351fd5040760
https://conda.anaconda.org/conda-forge/linux-64/libstdcxx-ng-12.1.0-ha89aaad_16.tar.bz2#6f5ba041a41eb102a1027d9e68731be7
https://conda.anaconda.org/conda-forge/noarch/tzdata-2022d-h191b570_0.tar.bz2#456b5b1d99e7a9654b331bcd82e71042
https://conda.anaconda.org/conda-forge/linux-64/libgfortran-ng-12.1.0-h69a702a_16.tar.bz2#6bf15e29a20f614b18ae89368260d0a2
https://conda.anaconda.org/conda-forge/linux-64/_openmp_mutex-4.5-2_kmp_llvm.tar.bz2#562b26ba2e19059551a811e72ab7f793
https://conda.anaconda.org/conda-forge/linux-64/libgcc-ng-12.1.0-h8d9b700_16.tar.bz2#4f05bc9844f7c101e6e147dab3c88d5c
https://conda.anaconda.org/conda-forge/linux-64/bzip2-1.0.8-h7f98852_4.tar.bz2#a1fd65c7ccbf10880423d82bca54eb54
https://conda.anaconda.org/conda-forge/linux-64/c-ares-1.18.1-h7f98852_0.tar.bz2#f26ef8098fab1f719c91eb760d63381a
https://conda.anaconda.org/conda-forge/linux-64/fftw-3.3.10-nompi_hf0379b8_105.tar.bz2#9d3e01547ba04a57372beee01158096f
https://conda.anaconda.org/conda-forge/linux-64/gmp-6.2.1-h58526e2_0.tar.bz2#b94cf2db16066b242ebd26db2facbd56
https://conda.anaconda.org/conda-forge/linux-64/jpeg-9e-h166bdaf_2.tar.bz2#ee8b844357a0946870901c7c6f418268
https://conda.anaconda.org/conda-forge/linux-64/keyutils-1.6.1-h166bdaf_0.tar.bz2#30186d27e2c9fa62b45fb1476b7200e3
https://conda.anaconda.org/conda-forge/linux-64/lerc-4.0.0-h27087fc_0.tar.bz2#76bbff344f0134279f225174e9064c8f
https://conda.anaconda.org/conda-forge/linux-64/libbrotlicommon-1.0.9-h166bdaf_7.tar.bz2#f82dc1c78bcf73583f2656433ce2933c
https://conda.anaconda.org/conda-forge/linux-64/libdeflate-1.14-h166bdaf_0.tar.bz2#fc84a0446e4e4fb882e78d786cfb9734
https://conda.anaconda.org/conda-forge/linux-64/libev-4.33-h516909a_1.tar.bz2#6f8720dff19e17ce5d48cfe7f3d2f0a3
https://conda.anaconda.org/conda-forge/linux-64/libffi-3.4.2-h7f98852_5.tar.bz2#d645c6d2ac96843a2bfaccd2d62b3ac3
https://conda.anaconda.org/conda-forge/linux-64/libnsl-2.0.0-h7f98852_0.tar.bz2#39b1328babf85c7c3a61636d9cd50206
https://conda.anaconda.org/conda-forge/linux-64/libuuid-2.32.1-h7f98852_1000.tar.bz2#772d69f030955d9646d3d0eaf21d859d
https://conda.anaconda.org/conda-forge/linux-64/libwebp-base-1.2.4-h166bdaf_0.tar.bz2#ac2ccf7323d21f2994e4d1f5da664f37
https://conda.anaconda.org/conda-forge/linux-64/libzlib-1.2.12-h166bdaf_3.tar.bz2#29b2d63b0e21b765da0418bc452538c9
https://conda.anaconda.org/conda-forge/linux-64/metis-5.1.0-h58526e2_1006.tar.bz2#d099b812378b1e133c12e3b75167d83a
https://conda.anaconda.org/conda-forge/linux-64/ncurses-6.3-h27087fc_1.tar.bz2#4acfc691e64342b9dae57cf2adc63238
https://conda.anaconda.org/conda-forge/linux-64/openssl-3.0.5-h166bdaf_2.tar.bz2#e772305877e7e57021916886d8732137
https://conda.anaconda.org/conda-forge/linux-64/pthread-stubs-0.4-h36c2ea0_1001.tar.bz2#22dad4df6e8630e8dff2428f6f6a7036
https://conda.anaconda.org/conda-forge/linux-64/tbb-2021.6.0-h924138e_0.tar.bz2#d2f40df5cf33c6885428d0d33b8ea3c8
https://conda.anaconda.org/conda-forge/linux-64/xorg-kbproto-1.0.7-h7f98852_1002.tar.bz2#4b230e8381279d76131116660f5a241a
https://conda.anaconda.org/conda-forge/linux-64/xorg-libxau-1.0.9-h7f98852_0.tar.bz2#bf6f803a544f26ebbdc3bfff272eb179
https://conda.anaconda.org/conda-forge/linux-64/xorg-libxdmcp-1.1.3-h7f98852_0.tar.bz2#be93aabceefa2fac576e971aef407908
https://conda.anaconda.org/conda-forge/linux-64/xorg-xproto-7.0.31-h7f98852_1007.tar.bz2#b4a4381d54784606820704f7b5f05a15
https://conda.anaconda.org/conda-forge/linux-64/xz-5.2.6-h166bdaf_0.tar.bz2#2161070d867d1b1204ea749c8eec4ef0
https://conda.anaconda.org/conda-forge/linux-64/yaml-0.2.5-h7f98852_2.tar.bz2#4cb3ad778ec2d5a7acbdf254eb1c42ae
https://conda.anaconda.org/conda-forge/linux-64/hdf4-4.2.15-h9772cbc_4.tar.bz2#dd3e1941dd06f64cb88647d2f7ff8aaa
https://conda.anaconda.org/conda-forge/linux-64/libbrotlidec-1.0.9-h166bdaf_7.tar.bz2#37a460703214d0d1b421e2a47eb5e6d0
https://conda.anaconda.org/conda-forge/linux-64/libbrotlienc-1.0.9-h166bdaf_7.tar.bz2#785a9296ea478eb78c47593c4da6550f
https://conda.anaconda.org/conda-forge/linux-64/libedit-3.1.20191231-he28a2e2_2.tar.bz2#4d331e44109e3f0e19b4cb8f9b82f3e1
https://conda.anaconda.org/conda-forge/linux-64/libnghttp2-1.47.0-hff17c54_1.tar.bz2#2b7dbfa6988a41f9d23ba6d4f0e1d74e
https://conda.anaconda.org/conda-forge/linux-64/libpng-1.6.38-h753d276_0.tar.bz2#575078de1d3a3114b3ce131bd1508d0c
https://conda.anaconda.org/conda-forge/linux-64/libsqlite-3.39.3-h753d276_0.tar.bz2#ccb2457c73609f2622b8a4b3e42e5d8b
https://conda.anaconda.org/conda-forge/linux-64/libssh2-1.10.0-hf14f497_3.tar.bz2#d85acad4b47dff4e3def14a769a97906
https://conda.anaconda.org/conda-forge/linux-64/libxcb-1.13-h7f98852_1004.tar.bz2#b3653fdc58d03face9724f602218a904
https://conda.anaconda.org/conda-forge/linux-64/libzip-1.9.2-hc929e4a_1.tar.bz2#5b122b50e738c4be5c3f2899f010d7cf
https://conda.anaconda.org/conda-forge/linux-64/llvm-openmp-14.0.4-he0ac6c6_0.tar.bz2#cecc6e3cb66570ffcfb820c637890f54
https://conda.anaconda.org/conda-forge/linux-64/mpfr-4.1.0-h9202a9a_1.tar.bz2#ea9ebeddb066da8fad4a815e61b139be
https://conda.anaconda.org/conda-forge/linux-64/readline-8.1.2-h0f457ee_0.tar.bz2#db2ebbe2943aae81ed051a6a9af8e0fa
https://conda.anaconda.org/conda-forge/linux-64/tk-8.6.12-h27826a3_0.tar.bz2#5b8c42eb62e9fc961af70bdd6a26e168
https://conda.anaconda.org/conda-forge/linux-64/zlib-1.2.12-h166bdaf_3.tar.bz2#76c717057865201aa2d24b79315645bb
https://conda.anaconda.org/conda-forge/linux-64/zstd-1.5.2-h6239696_4.tar.bz2#adcf0be7897e73e312bd24353b613f74
https://conda.anaconda.org/conda-forge/linux-64/brotli-bin-1.0.9-h166bdaf_7.tar.bz2#1699c1211d56a23c66047524cd76796e
https://conda.anaconda.org/conda-forge/linux-64/freetype-2.12.1-hca18f0e_0.tar.bz2#4e54cbfc47b8c74c2ecc1e7730d8edce
https://conda.anaconda.org/conda-forge/linux-64/krb5-1.19.3-h08a2579_0.tar.bz2#d25e05e7ee0e302b52d24491db4891eb
https://conda.anaconda.org/conda-forge/linux-64/libtiff-4.4.0-h55922b4_4.tar.bz2#901791f0ec7cddc8714e76e273013a91
https://conda.anaconda.org/conda-forge/linux-64/mkl-2022.1.0-h84fe81f_915.tar.bz2#b9c8f925797a93dbff45e1626b025a6b
https://conda.anaconda.org/conda-forge/linux-64/sqlite-3.39.3-h4ff8645_0.tar.bz2#f03cf4ec974e32b6c5d349f62637e36e
https://conda.anaconda.org/conda-forge/linux-64/xorg-libx11-1.7.2-h7f98852_0.tar.bz2#12a61e640b8894504326aadafccbb790
https://conda.anaconda.org/conda-forge/linux-64/brotli-1.0.9-h166bdaf_7.tar.bz2#3889dec08a472eb0f423e5609c76bde1
https://conda.anaconda.org/conda-forge/linux-64/lcms2-2.12-hddcbb42_0.tar.bz2#797117394a4aa588de6d741b06fad80f
https://conda.anaconda.org/conda-forge/linux-64/libblas-3.9.0-16_linux64_mkl.tar.bz2#85f61af03fd291dae33150ffe89dc09a
https://conda.anaconda.org/conda-forge/linux-64/libcurl-7.83.1-h2283fc2_0.tar.bz2#2a10689a8be25009984735be9a2b26a9
https://conda.anaconda.org/conda-forge/linux-64/openjpeg-2.5.0-h7d73246_1.tar.bz2#a11b4df9271a8d7917686725aa04c8f2
https://conda.anaconda.org/conda-forge/linux-64/pgplot-5.2.2-h68245ad_1008.tar.bz2#6e6562339b4a12988f2bde7298d675db
https://conda.anaconda.org/conda-forge/linux-64/python-3.9.13-h2660328_0_cpython.tar.bz2#894f6c234741ffc61505de11b7a588ba
https://conda.anaconda.org/conda-forge/noarch/attrs-22.1.0-pyh71513ae_1.tar.bz2#6d3ccbc56256204925bfa8378722792f
https://conda.anaconda.org/conda-forge/noarch/cached_property-1.5.2-pyha770c72_1.tar.bz2#576d629e47797577ab0f1b351297ef4a
https://conda.anaconda.org/conda-forge/noarch/certifi-2022.9.24-pyhd8ed1ab_0.tar.bz2#f66309b099374af91369e67e84af397d
https://conda.anaconda.org/conda-forge/linux-64/cfitsio-4.1.0-hd9d235c_0.tar.bz2#ebc04a148d7204bb428f8633b89fd3dd
https://conda.anaconda.org/conda-forge/linux-64/curl-7.83.1-h2283fc2_0.tar.bz2#8968421d2c89a6b89dfc28d283971de1
https://conda.anaconda.org/conda-forge/noarch/cycler-0.11.0-pyhd8ed1ab_0.tar.bz2#a50559fad0affdbb33729a68669ca1cb
https://conda.anaconda.org/conda-forge/linux-64/hdf5-1.12.2-nompi_h4df4325_100.tar.bz2#91f6a330e4aeba166e5d7f0ee0af3d37
https://conda.anaconda.org/conda-forge/noarch/iniconfig-1.1.1-pyh9f0ad1d_0.tar.bz2#39161f81cc5e5ca45b8226fbb06c6905
https://conda.anaconda.org/conda-forge/linux-64/libcblas-3.9.0-16_linux64_mkl.tar.bz2#361bf757b95488de76c4f123805742d3
https://conda.anaconda.org/conda-forge/linux-64/liblapack-3.9.0-16_linux64_mkl.tar.bz2#a2f166748917d6d6e4707841ca1f519e
https://conda.anaconda.org/conda-forge/noarch/munkres-1.1.4-pyh9f0ad1d_0.tar.bz2#2ba8498c1018c1e9c61eb99b973dfe19
https://conda.anaconda.org/conda-forge/noarch/py-1.11.0-pyh6c4a22f_0.tar.bz2#b4613d7e7a493916d867842a6a148054
https://conda.anaconda.org/conda-forge/noarch/pyparsing-3.0.9-pyhd8ed1ab_0.tar.bz2#e8fbc1b54b25f4b08281467bc13b70cc
https://conda.anaconda.org/conda-forge/linux-64/python_abi-3.9-2_cp39.tar.bz2#39adde4247484de2bb4000122fdcf665
https://conda.anaconda.org/conda-forge/noarch/pytz-2022.2.1-pyhd8ed1ab_0.tar.bz2#974bca71d00364630f63f31fa7e059cb
https://conda.anaconda.org/conda-forge/noarch/setuptools-65.4.0-pyhd8ed1ab_0.tar.bz2#1fd586687cb05aac5655143c104df8f6
https://conda.anaconda.org/conda-forge/noarch/six-1.16.0-pyh6c4a22f_0.tar.bz2#e5f25f8dbc060e9a8d912e432202afc2
https://conda.anaconda.org/conda-forge/noarch/tomli-2.0.1-pyhd8ed1ab_0.tar.bz2#5844808ffab9ebdb694585b50ba02a96
https://conda.anaconda.org/conda-forge/noarch/typing_extensions-4.3.0-pyha770c72_0.tar.bz2#a9d85960bc62d53cc4ea0d1d27f73c98
https://conda.anaconda.org/conda-forge/noarch/wheel-0.37.1-pyhd8ed1ab_0.tar.bz2#1ca02aaf78d9c70d9a81a3bed5752022
https://conda.anaconda.org/conda-forge/noarch/zipp-3.8.1-pyhd8ed1ab_0.tar.bz2#a3508a0c850745b875de88aea4c40cc5
https://conda.anaconda.org/conda-forge/noarch/cached-property-1.5.2-hd8ed1ab_1.tar.bz2#9b347a7ec10940d3f7941ff6c460b551
https://conda.anaconda.org/conda-forge/linux-64/ephem-4.1.3-py39hb9d737c_4.tar.bz2#de53dfecd3469be80ef21f2346492751
https://conda.anaconda.org/conda-forge/linux-64/future-0.18.2-py39hf3d152e_5.tar.bz2#0059012dc86a9af7ffdc4ea4eaae6738
https://conda.anaconda.org/conda-forge/linux-64/gsl-2.7-he838d99_0.tar.bz2#fec079ba39c9cca093bf4c00001825de
https://conda.anaconda.org/conda-forge/linux-64/importlib-metadata-4.11.4-py39hf3d152e_0.tar.bz2#4c2a0eabf0b8980b2c755646a6f750eb
https://conda.anaconda.org/conda-forge/linux-64/kiwisolver-1.4.4-py39hf939315_0.tar.bz2#e8d1310648c189d6d11a2e13f73da1fe
https://conda.anaconda.org/conda-forge/linux-64/libnetcdf-4.8.1-nompi_h21705cb_104.tar.bz2#4426b64bac9de35499554d45b93de880
https://conda.anaconda.org/conda-forge/linux-64/loguru-0.6.0-py39hf3d152e_1.tar.bz2#8da7bbb53a6382b797d292016601baf9
https://conda.anaconda.org/conda-forge/linux-64/numpy-1.23.3-py39hba7629e_0.tar.bz2#320e25179733ec4a2ecffcebc8abbc80
https://conda.anaconda.org/conda-forge/noarch/packaging-21.3-pyhd8ed1ab_0.tar.bz2#71f1ab2de48613876becddd496371c85
https://conda.anaconda.org/conda-forge/linux-64/pillow-9.2.0-py39hd5dbb17_2.tar.bz2#3b74a959f6a8008f5901de60b3572c09
https://conda.anaconda.org/conda-forge/noarch/pip-22.2.2-pyhd8ed1ab_0.tar.bz2#0b43abe4d3ee93e82742d37def53a836
https://conda.anaconda.org/conda-forge/linux-64/pluggy-1.0.0-py39hf3d152e_3.tar.bz2#c375c89340e563053f3656c7f134d265
https://conda.anaconda.org/conda-forge/noarch/python-dateutil-2.8.2-pyhd8ed1ab_0.tar.bz2#dd999d1cc9f79e67dbb855c8924c7984
https://conda.anaconda.org/conda-forge/linux-64/pyyaml-6.0-py39hb9d737c_4.tar.bz2#dcc47a3b751508507183d17e569805e5
https://conda.anaconda.org/conda-forge/linux-64/suitesparse-5.10.1-h9e50725_1.tar.bz2#a3a685b5f9aeb890ed874502fe56accf
https://conda.anaconda.org/conda-forge/linux-64/unicodedata2-14.0.0-py39hb9d737c_1.tar.bz2#ef84376736d1e8a814ccb06d1d814e6f
https://conda.anaconda.org/conda-forge/linux-64/cftime-1.6.2-py39h2ae25f5_0.tar.bz2#4b108127973b66b36edd6449aa6afde0
https://conda.anaconda.org/conda-forge/linux-64/contourpy-1.0.5-py39hf939315_0.tar.bz2#c9ff0dfb602033b1f1aaf323b58e04fa
https://conda.anaconda.org/conda-forge/noarch/emcee-3.1.2-pyhd8ed1ab_0.tar.bz2#fc59ca33304e5d8f7d96b1f46107a0a2
https://conda.anaconda.org/conda-forge/linux-64/fonttools-4.37.3-py39hb9d737c_0.tar.bz2#21622fe576fcce5b861036e8d7282470
https://conda.anaconda.org/conda-forge/linux-64/h5py-3.7.0-nompi_py39hd51670d_101.tar.bz2#c4e1a9c86b5a7dddd4252f40815fbe3d
https://conda.anaconda.org/conda-forge/noarch/jplephem-2.17-pyhf3f802f_0.tar.bz2#a26acb687c3ee83da4bddbc4ed36f582
https://conda.anaconda.org/conda-forge/linux-64/pandas-1.5.0-py39h4661b88_0.tar.bz2#ae807099430cd22b09b869b0536425b7
https://conda.anaconda.org/conda-forge/linux-64/pyerfa-2.0.0.1-py39hd257fcd_2.tar.bz2#51c2ba5523e6c51970a40c1343d683c7
https://conda.anaconda.org/conda-forge/linux-64/pytest-7.1.3-py39hf3d152e_0.tar.bz2#b807481ba94ec32bc742f2fe775d0bff
https://conda.anaconda.org/conda-forge/linux-64/scipy-1.9.1-py39h8ba3f38_0.tar.bz2#beed054d4979cd70690aea2b257a6d55
https://conda.anaconda.org/conda-forge/linux-64/tempo2-2022.05.1-h83768fa_0.tar.bz2#8656a299d9b453b9e1be0284d9f3322a
https://conda.anaconda.org/conda-forge/noarch/uncertainties-3.1.7-pyhd8ed1ab_0.tar.bz2#fc7c5aa3e77ce6934e3f90121e0ab176
https://conda.anaconda.org/conda-forge/linux-64/astropy-5.1-py39hd257fcd_0.tar.bz2#b2c335ef288eed1e22294d479de084cf
https://conda.anaconda.org/conda-forge/linux-64/matplotlib-base-3.6.0-py39hf9fd14e_0.tar.bz2#bdc55b4069ab9d2f938525c4cf90def0
https://conda.anaconda.org/conda-forge/linux-64/netcdf4-1.6.1-nompi_py39hfaa66c4_100.tar.bz2#bb8fb664c1816033615841642f9b0fcc
https://conda.anaconda.org/conda-forge/noarch/ptmcmcsampler-2.0.0-pyhd8ed1ab_0.tar.bz2#8291385839b0a49ebbdb4d3bb6d5f65b
https://conda.anaconda.org/conda-forge/noarch/pytest-runner-6.0.0-pyhd8ed1ab_0.tar.bz2#3056f6bfd156f865af4ead3a91066370
https://conda.anaconda.org/conda-forge/linux-64/scikit-sparse-0.4.6-py39h4b19964_1.tar.bz2#9c8a6b7e0c83560c57aefa75bafcc007
https://conda.anaconda.org/conda-forge/noarch/xarray-2022.6.0-pyhd8ed1ab_1.tar.bz2#ab3a191d1754bc69a6f61879c92fa7e1
https://conda.anaconda.org/conda-forge/linux-64/healpy-1.16.1-py39he2028a6_0.tar.bz2#32d584529caf86c0b884d4e569ca3489
https://conda.anaconda.org/conda-forge/linux-64/libstempo-2.4.5-py39h1832856_0.tar.bz2#831c3bed97a3c737541b2c93d4da7846
https://conda.anaconda.org/conda-forge/noarch/xarray-einstats-0.3.0-pyhd8ed1ab_0.tar.bz2#189971deaa99eb1116efe89f7999f542
https://conda.anaconda.org/conda-forge/noarch/arviz-0.12.1-pyhd8ed1ab_1.tar.bz2#e5d153cbc23cb6144b78022587422c45
https://conda.anaconda.org/conda-forge/noarch/corner-2.2.1-pyhd8ed1ab_0.tar.bz2#0368863b078b76e8998261c0b567dc1b
https://conda.anaconda.org/conda-forge/noarch/la_forge-1.0.2-pyhd8ed1ab_0.tar.bz2#eca3bb17679373263c0205237f51d181
https://conda.anaconda.org/conda-forge/linux-64/pint-pulsar-0.9.1-py39hf3d152e_0.tar.bz2#2677655e65be2f27292f0a9a30fd8672
https://conda.anaconda.org/conda-forge/noarch/enterprise-pulsar-3.3.1-pyhd8ed1ab_0.tar.bz2#262c796c3581ec37b28cc06ee0454de7
https://conda.anaconda.org/conda-forge/noarch/enterprise_extensions-2.4.0-pyhd8ed1ab_0.tar.bz2#f3d21e6ff02e1cefbd133ef864a9c84a
